
Microsoft Visual Studio Solution File, Format Version 12.00
# Visual Studio Version 16
VisualStudioVersion = 16.0.31019.35
MinimumVisualStudioVersion = 10.0.40219.1
Project("{9A19103F-16F7-4668-BE54-9A1E7A4F7556}") = "AspMVC_Monitor", "AspMVC_Monitor\AspMVC_Monitor.csproj", "{39221ABF-15E3-43D9-B642-3B2748936503}"
EndProject
Project("{9A19103F-16F7-4668-BE54-9A1E7A4F7556}") = "AssetMonitorDataAccess", "AssetMonitorDataAccess\AssetMonitorDataAccess.csproj", "{43B4926E-FF97-4444-94A9-A06ACB4C708E}"
EndProject
Project("{9A19103F-16F7-4668-BE54-9A1E7A4F7556}") = "AssetMonitorService", "AssetMonitorService\AssetMonitorService.csproj", "{96121393-2427-4442-928B-6CEB2B534DA0}"
EndProject
Project("{9A19103F-16F7-4668-BE54-9A1E7A4F7556}") = "AssetMonitorSharedGRPC", "AssetMonitorSharedGRPC\AssetMonitorSharedGRPC.csproj", "{353BC47C-D827-4B9C-896B-E50ADFF66F09}"
EndProject
Project("{9A19103F-16F7-4668-BE54-9A1E7A4F7556}") = "AssetMonitorAgent", "AssetMonitorAgent\AssetMonitorAgent.csproj", "{78FD6208-6082-4725-B95A-BB322EAABF81}"
EndProject
Project("{9A19103F-16F7-4668-BE54-9A1E7A4F7556}") = "WindowsDataLib", "WindowsDataLib\WindowsDataLib.csproj", "{D2B34577-C720-46C3-A774-23C6AC47131E}"
EndProject
Project("{FAE04EC0-301F-11D3-BF4B-00C04F79EFBC}") = "AssetMonitorWebClient", "AssetMonitorWebClient\AssetMonitorWebClient.csproj", "{16774528-AF48-4F4D-9E92-5D804BC8D947}"
EndProject
Global
	GlobalSection(SolutionConfigurationPlatforms) = preSolution
		Debug|Any CPU = Debug|Any CPU
		Release|Any CPU = Release|Any CPU
	EndGlobalSection
	GlobalSection(ProjectConfigurationPlatforms) = postSolution
		{39221ABF-15E3-43D9-B642-3B2748936503}.Debug|Any CPU.ActiveCfg = Debug|Any CPU
		{39221ABF-15E3-43D9-B642-3B2748936503}.Debug|Any CPU.Build.0 = Debug|Any CPU
		{39221ABF-15E3-43D9-B642-3B2748936503}.Release|Any CPU.ActiveCfg = Release|Any CPU
		{39221ABF-15E3-43D9-B642-3B2748936503}.Release|Any CPU.Build.0 = Release|Any CPU
		{43B4926E-FF97-4444-94A9-A06ACB4C708E}.Debug|Any CPU.ActiveCfg = Debug|Any CPU
		{43B4926E-FF97-4444-94A9-A06ACB4C708E}.Debug|Any CPU.Build.0 = Debug|Any CPU
		{43B4926E-FF97-4444-94A9-A06ACB4C708E}.Release|Any CPU.ActiveCfg = Release|Any CPU
		{43B4926E-FF97-4444-94A9-A06ACB4C708E}.Release|Any CPU.Build.0 = Release|Any CPU
		{96121393-2427-4442-928B-6CEB2B534DA0}.Debug|Any CPU.ActiveCfg = Debug|Any CPU
		{96121393-2427-4442-928B-6CEB2B534DA0}.Debug|Any CPU.Build.0 = Debug|Any CPU
		{96121393-2427-4442-928B-6CEB2B534DA0}.Release|Any CPU.ActiveCfg = Release|Any CPU
		{96121393-2427-4442-928B-6CEB2B534DA0}.Release|Any CPU.Build.0 = Release|Any CPU
		{353BC47C-D827-4B9C-896B-E50ADFF66F09}.Debug|Any CPU.ActiveCfg = Debug|Any CPU
		{353BC47C-D827-4B9C-896B-E50ADFF66F09}.Debug|Any CPU.Build.0 = Debug|Any CPU
		{353BC47C-D827-4B9C-896B-E50ADFF66F09}.Release|Any CPU.ActiveCfg = Release|Any CPU
		{353BC47C-D827-4B9C-896B-E50ADFF66F09}.Release|Any CPU.Build.0 = Release|Any CPU
		{78FD6208-6082-4725-B95A-BB322EAABF81}.Debug|Any CPU.ActiveCfg = Debug|Any CPU
		{78FD6208-6082-4725-B95A-BB322EAABF81}.Debug|Any CPU.Build.0 = Debug|Any CPU
		{78FD6208-6082-4725-B95A-BB322EAABF81}.Release|Any CPU.ActiveCfg = Release|Any CPU
		{78FD6208-6082-4725-B95A-BB322EAABF81}.Release|Any CPU.Build.0 = Release|Any CPU
		{D2B34577-C720-46C3-A774-23C6AC47131E}.Debug|Any CPU.ActiveCfg = Debug|Any CPU
		{D2B34577-C720-46C3-A774-23C6AC47131E}.Debug|Any CPU.Build.0 = Debug|Any CPU
		{D2B34577-C720-46C3-A774-23C6AC47131E}.Release|Any CPU.ActiveCfg = Release|Any CPU
		{D2B34577-C720-46C3-A774-23C6AC47131E}.Release|Any CPU.Build.0 = Release|Any CPU
		{16774528-AF48-4F4D-9E92-5D804BC8D947}.Debug|Any CPU.ActiveCfg = Debug|Any CPU
		{16774528-AF48-4F4D-9E92-5D804BC8D947}.Debug|Any CPU.Build.0 = Debug|Any CPU
		{16774528-AF48-4F4D-9E92-5D804BC8D947}.Release|Any CPU.ActiveCfg = Release|Any CPU
		{16774528-AF48-4F4D-9E92-5D804BC8D947}.Release|Any CPU.Build.0 = Release|Any CPU
	EndGlobalSection
	GlobalSection(SolutionProperties) = preSolution
		HideSolutionNode = FALSE
	EndGlobalSection
	GlobalSection(ExtensibilityGlobals) = postSolution
		SolutionGuid = {17190031-D62E-459C-A2F5-0C409EF7C048}
	EndGlobalSection
EndGlobal
